
Microsoft Visual Studio Solution File, Format Version 11.00
# Visual Studio 2010
Project("{E24C65DC-7377-472B-9ABA-BC803B73C61A}") = "Proutewebsite", "Proutewebsite\", "{ED2F1272-7A8E-46BC-9B4B-AAD2443A52EC}"
	ProjectSection(WebsiteProperties) = preProject
		TargetFrameworkMoniker = ".NETFramework,Version%3Dv4.0"
		Debug.AspNetCompiler.VirtualPath = "/Proutewebsite"
		Debug.AspNetCompiler.PhysicalPath = "..\..\..\..\Desktop\Asad website\Proutewebsite\"
		Debug.AspNetCompiler.TargetPath = "PrecompiledWeb\Proutewebsite\"
		Debug.AspNetCompiler.Updateable = "true"
		Debug.AspNetCompiler.ForceOverwrite = "true"
		Debug.AspNetCompiler.FixedNames = "false"
		Debug.AspNetCompiler.Debug = "True"
		Release.AspNetCompiler.VirtualPath = "/Proutewebsite"
		Release.AspNetCompiler.PhysicalPath = "..\..\..\..\Desktop\Asad website\Proutewebsite\"
		Release.AspNetCompiler.TargetPath = "PrecompiledWeb\Proutewebsite\"
		Release.AspNetCompiler.Updateable = "true"
		Release.AspNetCompiler.ForceOverwrite = "true"
		Release.AspNetCompiler.FixedNames = "false"
		Release.AspNetCompiler.Debug = "False"
		VWDPort = "2308"
	EndProjectSection
EndProject
Global
	GlobalSection(SolutionConfigurationPlatforms) = preSolution
		Debug|Any CPU = Debug|Any CPU
	EndGlobalSection
	GlobalSection(ProjectConfigurationPlatforms) = postSolution
		{ED2F1272-7A8E-46BC-9B4B-AAD2443A52EC}.Debug|Any CPU.ActiveCfg = Debug|Any CPU
		{ED2F1272-7A8E-46BC-9B4B-AAD2443A52EC}.Debug|Any CPU.Build.0 = Debug|Any CPU
	EndGlobalSection
	GlobalSection(SolutionProperties) = preSolution
		HideSolutionNode = FALSE
	EndGlobalSection
EndGlobal
